
Microsoft Visual Studio Solution File, Format Version 12.00
# Visual Studio Version 16
VisualStudioVersion = 16.0.29911.84
MinimumVisualStudioVersion = 10.0.40219.1
Project("{FAE04EC0-301F-11D3-BF4B-00C04F79EFBC}") = "WCF_REST_Host", "WCF_REST_Host\WCF_REST_Host.csproj", "{6DC7A2B2-8946-4EED-9FB5-D16255E96B19}"
EndProject
Global
	GlobalSection(SolutionConfigurationPlatforms) = preSolution
		Debug|Any CPU = Debug|Any CPU
		Release|Any CPU = Release|Any CPU
	EndGlobalSection
	GlobalSection(ProjectConfigurationPlatforms) = postSolution
		{6DC7A2B2-8946-4EED-9FB5-D16255E96B19}.Debug|Any CPU.ActiveCfg = Debug|Any CPU
		{6DC7A2B2-8946-4EED-9FB5-D16255E96B19}.Debug|Any CPU.Build.0 = Debug|Any CPU
		{6DC7A2B2-8946-4EED-9FB5-D16255E96B19}.Release|Any CPU.ActiveCfg = Release|Any CPU
		{6DC7A2B2-8946-4EED-9FB5-D16255E96B19}.Release|Any CPU.Build.0 = Release|Any CPU
	EndGlobalSection
	GlobalSection(SolutionProperties) = preSolution
		HideSolutionNode = FALSE
	EndGlobalSection
	GlobalSection(ExtensibilityGlobals) = postSolution
		SolutionGuid = {E7CE91F4-4920-4594-A3C7-58F1DDF887FD}
	EndGlobalSection
EndGlobal
