
Microsoft Visual Studio Solution File, Format Version 12.00
# Visual Studio Version 16
VisualStudioVersion = 16.0.29911.84
MinimumVisualStudioVersion = 10.0.40219.1
Project("{FAE04EC0-301F-11D3-BF4B-00C04F79EFBC}") = "WcfPowerChat.Contracts", "WcfPowerChat.Contracts\WcfPowerChat.Contracts.csproj", "{12D80CD6-4B9F-476C-AF82-9A8294BD6D97}"
EndProject
Project("{FAE04EC0-301F-11D3-BF4B-00C04F79EFBC}") = "WcfPowerChat.Server", "WcfPowerChat.Server\WcfPowerChat.Server.csproj", "{A008EBB8-EAA2-4039-A187-D949DEA059AF}"
EndProject
Project("{FAE04EC0-301F-11D3-BF4B-00C04F79EFBC}") = "WcfPowerChat.Client", "WcfPowerChat.Client\WcfPowerChat.Client.csproj", "{7D40BB47-11EA-48E4-838E-8CDB849C8B5F}"
EndProject
Global
	GlobalSection(SolutionConfigurationPlatforms) = preSolution
		Debug|Any CPU = Debug|Any CPU
		Release|Any CPU = Release|Any CPU
	EndGlobalSection
	GlobalSection(ProjectConfigurationPlatforms) = postSolution
		{12D80CD6-4B9F-476C-AF82-9A8294BD6D97}.Debug|Any CPU.ActiveCfg = Debug|Any CPU
		{12D80CD6-4B9F-476C-AF82-9A8294BD6D97}.Debug|Any CPU.Build.0 = Debug|Any CPU
		{12D80CD6-4B9F-476C-AF82-9A8294BD6D97}.Release|Any CPU.ActiveCfg = Release|Any CPU
		{12D80CD6-4B9F-476C-AF82-9A8294BD6D97}.Release|Any CPU.Build.0 = Release|Any CPU
		{A008EBB8-EAA2-4039-A187-D949DEA059AF}.Debug|Any CPU.ActiveCfg = Debug|Any CPU
		{A008EBB8-EAA2-4039-A187-D949DEA059AF}.Debug|Any CPU.Build.0 = Debug|Any CPU
		{A008EBB8-EAA2-4039-A187-D949DEA059AF}.Release|Any CPU.ActiveCfg = Release|Any CPU
		{A008EBB8-EAA2-4039-A187-D949DEA059AF}.Release|Any CPU.Build.0 = Release|Any CPU
		{7D40BB47-11EA-48E4-838E-8CDB849C8B5F}.Debug|Any CPU.ActiveCfg = Debug|Any CPU
		{7D40BB47-11EA-48E4-838E-8CDB849C8B5F}.Debug|Any CPU.Build.0 = Debug|Any CPU
		{7D40BB47-11EA-48E4-838E-8CDB849C8B5F}.Release|Any CPU.ActiveCfg = Release|Any CPU
		{7D40BB47-11EA-48E4-838E-8CDB849C8B5F}.Release|Any CPU.Build.0 = Release|Any CPU
	EndGlobalSection
	GlobalSection(SolutionProperties) = preSolution
		HideSolutionNode = FALSE
	EndGlobalSection
	GlobalSection(ExtensibilityGlobals) = postSolution
		SolutionGuid = {EAD8C18D-7247-48D6-A5A6-712205C94C9C}
	EndGlobalSection
EndGlobal
